
Microsoft Visual Studio Solution File, Format Version 12.00
# Visual Studio 15
VisualStudioVersion = 15.0.28307.168
MinimumVisualStudioVersion = 10.0.40219.1
Project("{FAE04EC0-301F-11D3-BF4B-00C04F79EFBC}") = "HttpTestTool", "src\HttpTestTool\HttpTestTool.csproj", "{BE239930-75CC-45F0-8D3E-DAE7D67A76D4}"
EndProject
Global
	GlobalSection(SolutionConfigurationPlatforms) = preSolution
		Debug|Any CPU = Debug|Any CPU
		Release|Any CPU = Release|Any CPU
	EndGlobalSection
	GlobalSection(ProjectConfigurationPlatforms) = postSolution
		{BE239930-75CC-45F0-8D3E-DAE7D67A76D4}.Debug|Any CPU.ActiveCfg = Debug|Any CPU
		{BE239930-75CC-45F0-8D3E-DAE7D67A76D4}.Debug|Any CPU.Build.0 = Debug|Any CPU
		{BE239930-75CC-45F0-8D3E-DAE7D67A76D4}.Release|Any CPU.ActiveCfg = Release|Any CPU
		{BE239930-75CC-45F0-8D3E-DAE7D67A76D4}.Release|Any CPU.Build.0 = Release|Any CPU
	EndGlobalSection
	GlobalSection(SolutionProperties) = preSolution
		HideSolutionNode = FALSE
	EndGlobalSection
	GlobalSection(ExtensibilityGlobals) = postSolution
		SolutionGuid = {22CE5824-1A15-4682-B79A-E87CE9DDCB0B}
	EndGlobalSection
EndGlobal
